{
  "version": 4,
  "terraform_version": "1.5.5",
  "serial": 155,
  "lineage": "e7587981-2020-b167-86cb-80ddc0f0851a",
  "outputs": {
    "instance_ip": {
      "value": "100.26.166.125",
      "type": "string"
    },
    "subnet_id": {
      "value": "subnet-0f7ab20093f5c2757",
      "type": "string"
    }
  },
  "resources": [
    {
      "mode": "managed",
      "type": "aws_s3_bucket",
      "name": "example",
      "provider": "provider[\"registry.terraform.io/hashicorp/aws\"]",
      "instances": [
        {
          "schema_version": 0,
          "attributes": {
            "acceleration_status": "",
            "acl": null,
            "arn": "arn:aws:s3:::tfstate-bucket345345364644",
            "bucket": "tfstate-bucket345345364644",
            "bucket_domain_name": "tfstate-bucket345345364644.s3.amazonaws.com",
            "bucket_prefix": "",
            "bucket_regional_domain_name": "tfstate-bucket345345364644.s3.us-east-1.amazonaws.com",
            "cors_rule": [],
            "force_destroy": false,
            "grant": [
              {
                "id": "11436665c5aa5fab7e78fa95e710c4ef58a5c7678db5c03fd2b293d3789cdf54",
                "permissions": [
                  "FULL_CONTROL"
                ],
                "type": "CanonicalUser",
                "uri": ""
              }
            ],
            "hosted_zone_id": "Z3AQBSTGFYJSTF",
            "id": "tfstate-bucket345345364644",
            "lifecycle_rule": [],
            "logging": [],
            "object_lock_configuration": [],
            "object_lock_enabled": false,
            "policy": "",
            "region": "us-east-1",
            "replication_configuration": [],
            "request_payer": "BucketOwner",
            "server_side_encryption_configuration": [
              {
                "rule": [
                  {
                    "apply_server_side_encryption_by_default": [
                      {
                        "kms_master_key_id": "",
                        "sse_algorithm": "AES256"
                      }
                    ],
                    "bucket_key_enabled": false
                  }
                ]
              }
            ],
            "tags": null,
            "tags_all": {},
            "timeouts": null,
            "versioning": [
              {
                "enabled": false,
                "mfa_delete": false
              }
            ],
            "website": [],
            "website_domain": null,
            "website_endpoint": null
          },
          "sensitive_attributes": [],
          "private": "eyJlMmJmYjczMC1lY2FhLTExZTYtOGY4OC0zNDM2M2JjN2M0YzAiOnsiY3JlYXRlIjoxMjAwMDAwMDAwMDAwLCJkZWxldGUiOjM2MDAwMDAwMDAwMDAsInJlYWQiOjEyMDAwMDAwMDAwMDAsInVwZGF0ZSI6MTIwMDAwMDAwMDAwMH19"
        }
      ]
    },
    {
      "mode": "managed",
      "type": "aws_s3_bucket_acl",
      "name": "example",
      "provider": "provider[\"registry.terraform.io/hashicorp/aws\"]",
      "instances": [
        {
          "schema_version": 0,
          "attributes": {
            "access_control_policy": [
              {
                "grant": [
                  {
                    "grantee": [
                      {
                        "display_name": "",
                        "email_address": "",
                        "id": "",
                        "type": "Group",
                        "uri": "http://acs.amazonaws.com/groups/global/AllUsers"
                      }
                    ],
                    "permission": "READ"
                  },
                  {
                    "grantee": [
                      {
                        "display_name": "gilad1299",
                        "email_address": "",
                        "id": "11436665c5aa5fab7e78fa95e710c4ef58a5c7678db5c03fd2b293d3789cdf54",
                        "type": "CanonicalUser",
                        "uri": ""
                      }
                    ],
                    "permission": "FULL_CONTROL"
                  }
                ],
                "owner": [
                  {
                    "display_name": "gilad1299",
                    "id": "11436665c5aa5fab7e78fa95e710c4ef58a5c7678db5c03fd2b293d3789cdf54"
                  }
                ]
              }
            ],
            "acl": "public-read",
            "bucket": "tfstate-bucket345345364644",
            "expected_bucket_owner": "",
            "id": "tfstate-bucket345345364644,public-read"
          },
          "sensitive_attributes": [],
          "private": "bnVsbA==",
          "dependencies": [
            "aws_s3_bucket.example",
            "aws_s3_bucket_ownership_controls.example",
            "aws_s3_bucket_public_access_block.example"
          ]
        }
      ]
    },
    {
      "mode": "managed",
      "type": "aws_s3_bucket_object",
      "name": "object",
      "provider": "provider[\"registry.terraform.io/hashicorp/aws\"]",
      "instances": [
        {
          "index_key": 0,
          "schema_version": 0,
          "attributes": {
            "acl": "private",
            "bucket": "tfstate-bucket345345364644",
            "bucket_key_enabled": false,
            "cache_control": "",
            "content": null,
            "content_base64": null,
            "content_disposition": "",
            "content_encoding": "",
            "content_language": "",
            "content_type": "binary/octet-stream",
            "etag": "e5a0b19e29cc3cd731d5f7ed555a029a",
            "force_destroy": false,
            "id": "terraform.tfstate",
            "key": "terraform.tfstate",
            "kms_key_id": null,
            "metadata": null,
            "object_lock_legal_hold_status": "",
            "object_lock_mode": "",
            "object_lock_retain_until_date": "",
            "server_side_encryption": "AES256",
            "source": "./terraform.tfstate",
            "source_hash": null,
            "storage_class": "STANDARD",
            "tags": null,
            "tags_all": {},
            "version_id": "",
            "website_redirect": ""
          },
          "sensitive_attributes": [],
          "private": "bnVsbA==",
          "dependencies": [
            "aws_s3_bucket.example"
          ]
        }
      ]
    },
    {
      "mode": "managed",
      "type": "aws_s3_bucket_ownership_controls",
      "name": "example",
      "provider": "provider[\"registry.terraform.io/hashicorp/aws\"]",
      "instances": [
        {
          "schema_version": 0,
          "attributes": {
            "bucket": "tfstate-bucket345345364644",
            "id": "tfstate-bucket345345364644",
            "rule": [
              {
                "object_ownership": "BucketOwnerPreferred"
              }
            ]
          },
          "sensitive_attributes": [],
          "private": "bnVsbA==",
          "dependencies": [
            "aws_s3_bucket.example"
          ]
        }
      ]
    },
    {
      "mode": "managed",
      "type": "aws_s3_bucket_public_access_block",
      "name": "example",
      "provider": "provider[\"registry.terraform.io/hashicorp/aws\"]",
      "instances": [
        {
          "schema_version": 0,
          "attributes": {
            "block_public_acls": false,
            "block_public_policy": false,
            "bucket": "tfstate-bucket345345364644",
            "id": "tfstate-bucket345345364644",
            "ignore_public_acls": false,
            "restrict_public_buckets": false
          },
          "sensitive_attributes": [],
          "private": "bnVsbA==",
          "dependencies": [
            "aws_s3_bucket.example"
          ]
        }
      ]
    },
    {
      "module": "module.aws_instance",
      "mode": "data",
      "type": "aws_subnet",
      "name": "example_subnet",
      "provider": "provider[\"registry.terraform.io/hashicorp/aws\"]",
      "instances": [
        {
          "schema_version": 0,
          "attributes": {
            "arn": "arn:aws:ec2:us-east-1:525806118612:subnet/subnet-0f7ab20093f5c2757",
            "assign_ipv6_address_on_creation": false,
            "availability_zone": "us-east-1d",
            "availability_zone_id": "use1-az1",
            "available_ip_address_count": 4091,
            "cidr_block": "172.31.0.0/20",
            "customer_owned_ipv4_pool": "",
            "default_for_az": true,
            "enable_dns64": false,
            "enable_lni_at_device_index": 0,
            "enable_resource_name_dns_a_record_on_launch": false,
            "enable_resource_name_dns_aaaa_record_on_launch": false,
            "filter": null,
            "id": "subnet-0f7ab20093f5c2757",
            "ipv6_cidr_block": "",
            "ipv6_cidr_block_association_id": "",
            "ipv6_native": false,
            "map_customer_owned_ip_on_launch": false,
            "map_public_ip_on_launch": true,
            "outpost_arn": "",
            "owner_id": "525806118612",
            "private_dns_hostname_type_on_launch": "ip-name",
            "state": "available",
            "tags": {},
            "timeouts": null,
            "vpc_id": "vpc-02ea4cbbc2430d85b"
          },
          "sensitive_attributes": []
        }
      ]
    },
    {
      "module": "module.aws_instance",
      "mode": "managed",
      "type": "aws_instance",
      "name": "web",
      "provider": "provider[\"registry.terraform.io/hashicorp/aws\"]",
      "instances": [
        {
          "schema_version": 1,
          "attributes": {
            "ami": "ami-08a52ddb321b32a8c",
            "arn": "arn:aws:ec2:us-east-1:525806118612:instance/i-040ea83c62a266823",
            "associate_public_ip_address": true,
            "availability_zone": "us-east-1e",
            "capacity_reservation_specification": [
              {
                "capacity_reservation_preference": "open",
                "capacity_reservation_target": []
              }
            ],
            "cpu_core_count": 1,
            "cpu_options": [
              {
                "amd_sev_snp": "",
                "core_count": 1,
                "threads_per_core": 1
              }
            ],
            "cpu_threads_per_core": 1,
            "credit_specification": [
              {
                "cpu_credits": "standard"
              }
            ],
            "disable_api_stop": false,
            "disable_api_termination": false,
            "ebs_block_device": [],
            "ebs_optimized": false,
            "enclave_options": [
              {
                "enabled": false
              }
            ],
            "ephemeral_block_device": [],
            "get_password_data": false,
            "hibernation": false,
            "host_id": "",
            "host_resource_group_arn": null,
            "iam_instance_profile": "",
            "id": "i-040ea83c62a266823",
            "instance_initiated_shutdown_behavior": "stop",
            "instance_lifecycle": "",
            "instance_market_options": [],
            "instance_state": "running",
            "instance_type": "t2.micro",
            "ipv6_address_count": 0,
            "ipv6_addresses": [],
            "key_name": "",
            "launch_template": [],
            "maintenance_options": [
              {
                "auto_recovery": "default"
              }
            ],
            "metadata_options": [
              {
                "http_endpoint": "enabled",
                "http_protocol_ipv6": "disabled",
                "http_put_response_hop_limit": 2,
                "http_tokens": "required",
                "instance_metadata_tags": "disabled"
              }
            ],
            "monitoring": false,
            "network_interface": [],
            "outpost_arn": "",
            "password_data": "",
            "placement_group": "",
            "placement_partition_number": 0,
            "primary_network_interface_id": "eni-0312a2153396029c7",
            "private_dns": "ip-10-0-1-254.ec2.internal",
            "private_dns_name_options": [
              {
                "enable_resource_name_dns_a_record": false,
                "enable_resource_name_dns_aaaa_record": false,
                "hostname_type": "ip-name"
              }
            ],
            "private_ip": "10.0.1.254",
            "public_dns": "",
            "public_ip": "100.26.166.125",
            "root_block_device": [
              {
                "delete_on_termination": true,
                "device_name": "/dev/xvda",
                "encrypted": false,
                "iops": 3000,
                "kms_key_id": "",
                "tags": {},
                "throughput": 125,
                "volume_id": "vol-0ec54c387909660b0",
                "volume_size": 8,
                "volume_type": "gp3"
              }
            ],
            "secondary_private_ips": [],
            "security_groups": [],
            "source_dest_check": true,
            "spot_instance_request_id": "",
            "subnet_id": "subnet-03d02cb083c0e7c16",
            "tags": {
              "Name": "my instance"
            },
            "tags_all": {
              "Name": "my instance"
            },
            "tenancy": "default",
            "timeouts": null,
            "user_data": null,
            "user_data_base64": null,
            "user_data_replace_on_change": false,
            "volume_tags": null,
            "vpc_security_group_ids": [
              "sg-0c458596aa789d476"
            ]
          },
          "sensitive_attributes": [],
          "private": "eyJlMmJmYjczMC1lY2FhLTExZTYtOGY4OC0zNDM2M2JjN2M0YzAiOnsiY3JlYXRlIjo2MDAwMDAwMDAwMDAsImRlbGV0ZSI6MTIwMDAwMDAwMDAwMCwidXBkYXRlIjo2MDAwMDAwMDAwMDB9LCJzY2hlbWFfdmVyc2lvbiI6IjEifQ==",
          "dependencies": [
            "module.aws_instance.aws_security_group.allow_tls",
            "module.aws_instance.aws_subnet.sb-1",
            "module.aws_instance.aws_vpc.main"
          ]
        }
      ]
    },
    {
      "module": "module.aws_instance",
      "mode": "managed",
      "type": "aws_security_group",
      "name": "allow_tls",
      "provider": "provider[\"registry.terraform.io/hashicorp/aws\"]",
      "instances": [
        {
          "schema_version": 1,
          "attributes": {
            "arn": "arn:aws:ec2:us-east-1:525806118612:security-group/sg-0c458596aa789d476",
            "description": "Allow TLS inbound traffic",
            "egress": [
              {
                "cidr_blocks": [
                  "0.0.0.0/0"
                ],
                "description": "",
                "from_port": 0,
                "ipv6_cidr_blocks": [
                  "::/0"
                ],
                "prefix_list_ids": [],
                "protocol": "-1",
                "security_groups": [],
                "self": false,
                "to_port": 0
              }
            ],
            "id": "sg-0c458596aa789d476",
            "ingress": [
              {
                "cidr_blocks": [
                  "0.0.0.0/0"
                ],
                "description": "https",
                "from_port": 443,
                "ipv6_cidr_blocks": [],
                "prefix_list_ids": [],
                "protocol": "tcp",
                "security_groups": [],
                "self": false,
                "to_port": 443
              }
            ],
            "name": "allow_tls",
            "name_prefix": "",
            "owner_id": "525806118612",
            "revoke_rules_on_delete": false,
            "tags": {
              "Name": "allow_tls"
            },
            "tags_all": {
              "Name": "allow_tls"
            },
            "timeouts": null,
            "vpc_id": "vpc-04b4262357a92dd9c"
          },
          "sensitive_attributes": [],
          "private": "eyJlMmJmYjczMC1lY2FhLTExZTYtOGY4OC0zNDM2M2JjN2M0YzAiOnsiY3JlYXRlIjo2MDAwMDAwMDAwMDAsImRlbGV0ZSI6OTAwMDAwMDAwMDAwfSwic2NoZW1hX3ZlcnNpb24iOiIxIn0=",
          "dependencies": [
            "module.aws_instance.aws_vpc.main"
          ]
        }
      ]
    },
    {
      "module": "module.aws_instance",
      "mode": "managed",
      "type": "aws_subnet",
      "name": "sb-1",
      "provider": "provider[\"registry.terraform.io/hashicorp/aws\"]",
      "instances": [
        {
          "schema_version": 1,
          "attributes": {
            "arn": "arn:aws:ec2:us-east-1:525806118612:subnet/subnet-03d02cb083c0e7c16",
            "assign_ipv6_address_on_creation": false,
            "availability_zone": "us-east-1e",
            "availability_zone_id": "use1-az3",
            "cidr_block": "10.0.1.0/24",
            "customer_owned_ipv4_pool": "",
            "enable_dns64": false,
            "enable_lni_at_device_index": 0,
            "enable_resource_name_dns_a_record_on_launch": false,
            "enable_resource_name_dns_aaaa_record_on_launch": false,
            "id": "subnet-03d02cb083c0e7c16",
            "ipv6_cidr_block": "",
            "ipv6_cidr_block_association_id": "",
            "ipv6_native": false,
            "map_customer_owned_ip_on_launch": false,
            "map_public_ip_on_launch": false,
            "outpost_arn": "",
            "owner_id": "525806118612",
            "private_dns_hostname_type_on_launch": "ip-name",
            "tags": {
              "Name": "Main"
            },
            "tags_all": {
              "Name": "Main"
            },
            "timeouts": null,
            "vpc_id": "vpc-04b4262357a92dd9c"
          },
          "sensitive_attributes": [],
          "private": "eyJlMmJmYjczMC1lY2FhLTExZTYtOGY4OC0zNDM2M2JjN2M0YzAiOnsiY3JlYXRlIjo2MDAwMDAwMDAwMDAsImRlbGV0ZSI6MTIwMDAwMDAwMDAwMH0sInNjaGVtYV92ZXJzaW9uIjoiMSJ9",
          "dependencies": [
            "module.aws_instance.aws_vpc.main"
          ]
        }
      ]
    },
    {
      "module": "module.aws_instance",
      "mode": "managed",
      "type": "aws_vpc",
      "name": "main",
      "provider": "provider[\"registry.terraform.io/hashicorp/aws\"]",
      "instances": [
        {
          "schema_version": 1,
          "attributes": {
            "arn": "arn:aws:ec2:us-east-1:525806118612:vpc/vpc-04b4262357a92dd9c",
            "assign_generated_ipv6_cidr_block": false,
            "cidr_block": "10.0.0.0/16",
            "default_network_acl_id": "acl-017bcb323eaf9ad23",
            "default_route_table_id": "rtb-0ff2e85c0183d90b3",
            "default_security_group_id": "sg-0622812849a1a44cc",
            "dhcp_options_id": "dopt-052d361d9cc9ac4af",
            "enable_dns_hostnames": false,
            "enable_dns_support": true,
            "enable_network_address_usage_metrics": false,
            "id": "vpc-04b4262357a92dd9c",
            "instance_tenancy": "default",
            "ipv4_ipam_pool_id": null,
            "ipv4_netmask_length": null,
            "ipv6_association_id": "",
            "ipv6_cidr_block": "",
            "ipv6_cidr_block_network_border_group": "",
            "ipv6_ipam_pool_id": "",
            "ipv6_netmask_length": 0,
            "main_route_table_id": "rtb-0ff2e85c0183d90b3",
            "owner_id": "525806118612",
            "tags": null,
            "tags_all": {}
          },
          "sensitive_attributes": [],
          "private": "eyJzY2hlbWFfdmVyc2lvbiI6IjEifQ=="
        }
      ]
    }
  ],
  "check_results": null
}
